
Microsoft Visual Studio Solution File, Format Version 12.00
# Visual Studio Version 17
VisualStudioVersion = 17.11.35327.3
MinimumVisualStudioVersion = 10.0.40219.1
Project("{2150E333-8FDC-42A3-9474-1A3956D46DE8}") = "WebAppPolimusicV1_ASP", "WebAppPolimusicV1_ASP", "{74C9134B-DC5F-4AE9-B906-0D597B3AB51D}"
EndProject
Project("{FAE04EC0-301F-11D3-BF4B-00C04F79EFBC}") = "WebAppPoliMusicV1", "WebAppPoliMusicV1\WebAppPoliMusicV1.csproj", "{1827F23B-B981-42E4-9FD5-5E8A359222A2}"
EndProject
Project("{2150E333-8FDC-42A3-9474-1A3956D46DE8}") = "WebAppPolimusicV2_ASPX_F2.0", "WebAppPolimusicV2_ASPX_F2.0", "{1B74EF0C-4E61-4A9F-BCD3-79A30A43159C}"
EndProject
Project("{FAE04EC0-301F-11D3-BF4B-00C04F79EFBC}") = "WebAppPoliMusicV2", "WebAppPoliMusicV2\WebAppPoliMusicV2.csproj", "{385DDB4E-CF72-49B7-8637-AB3887E6C850}"
EndProject
Project("{2150E333-8FDC-42A3-9474-1A3956D46DE8}") = "WebAppPolimusicV3_ASPX_F2.0_NLAYER", "WebAppPolimusicV3_ASPX_F2.0_NLAYER", "{B223BF92-7F55-483B-9D31-DEB1AF9C3F03}"
EndProject
Project("{FAE04EC0-301F-11D3-BF4B-00C04F79EFBC}") = "EntityLayer.PoliMusicV3", "EntityLayer.PoliMusicV3\EntityLayer.PoliMusicV3.csproj", "{ECB0BF8B-6AF5-48FE-98A9-0A6EAB2033BD}"
EndProject
Project("{FAE04EC0-301F-11D3-BF4B-00C04F79EFBC}") = "DataAccess.PoliMusicV3", "DataAccess.PoliMusicV3\DataAccess.PoliMusicV3.csproj", "{0BA54CC3-A923-43E6-8966-8E664CE3133E}"
EndProject
Project("{FAE04EC0-301F-11D3-BF4B-00C04F79EFBC}") = "BusinesLayer.PoliMusicV3", "BusinesLayer.PoliMusicV3\BusinesLayer.PoliMusicV3.csproj", "{DB85CDA9-91DF-4ABF-8D6C-F97102791011}"
EndProject
Project("{FAE04EC0-301F-11D3-BF4B-00C04F79EFBC}") = "WebAppPoliMusicV3", "WebAppPoliMusicV3\WebAppPoliMusicV3.csproj", "{FE2DBDE9-3CFD-4BD4-B167-0996B1BB2DDE}"
EndProject
Project("{2150E333-8FDC-42A3-9474-1A3956D46DE8}") = "WebAppEventosDeportivosEx1_ASPX_F2.0_NLAYER", "WebAppEventosDeportivosEx1_ASPX_F2.0_NLAYER", "{FBDC134A-A2C7-4F4C-921A-417F9837CFBC}"
EndProject
Project("{FAE04EC0-301F-11D3-BF4B-00C04F79EFBC}") = "EntityLayer.EventosDeportivosEx1", "EntityLayer.EventosDeportivosEx1\EntityLayer.EventosDeportivosEx1.csproj", "{00DBE900-FA6C-4A40-8112-F4C8F64B34F2}"
EndProject
Project("{FAE04EC0-301F-11D3-BF4B-00C04F79EFBC}") = "DataAccess.EventosDeportivosEx1", "DataAccess.EventosDeportivosEx1\DataAccess.EventosDeportivosEx1.csproj", "{E80016BE-ACC4-4D39-8743-182B3C12E143}"
EndProject
Project("{FAE04EC0-301F-11D3-BF4B-00C04F79EFBC}") = "BusinessLayer.EventosDeportivosEx1", "BusinessLayer.EventosDeportivosEx1\BusinessLayer.EventosDeportivosEx1.csproj", "{7E1CA24A-D981-44DD-B020-18C36D70B4EF}"
EndProject
Project("{FAE04EC0-301F-11D3-BF4B-00C04F79EFBC}") = "WebAppEventosDeportivosEx1", "WebAppEventosDeportivosEx1\WebAppEventosDeportivosEx1\WebAppEventosDeportivosEx1.csproj", "{998CAC07-3108-4DAE-8319-AF2EAD9FF4A9}"
EndProject
Global
	GlobalSection(SolutionConfigurationPlatforms) = preSolution
		Debug|Any CPU = Debug|Any CPU
		Release|Any CPU = Release|Any CPU
	EndGlobalSection
	GlobalSection(ProjectConfigurationPlatforms) = postSolution
		{1827F23B-B981-42E4-9FD5-5E8A359222A2}.Debug|Any CPU.ActiveCfg = Debug|Any CPU
		{1827F23B-B981-42E4-9FD5-5E8A359222A2}.Debug|Any CPU.Build.0 = Debug|Any CPU
		{1827F23B-B981-42E4-9FD5-5E8A359222A2}.Release|Any CPU.ActiveCfg = Release|Any CPU
		{1827F23B-B981-42E4-9FD5-5E8A359222A2}.Release|Any CPU.Build.0 = Release|Any CPU
		{385DDB4E-CF72-49B7-8637-AB3887E6C850}.Debug|Any CPU.ActiveCfg = Debug|Any CPU
		{385DDB4E-CF72-49B7-8637-AB3887E6C850}.Debug|Any CPU.Build.0 = Debug|Any CPU
		{385DDB4E-CF72-49B7-8637-AB3887E6C850}.Release|Any CPU.ActiveCfg = Release|Any CPU
		{385DDB4E-CF72-49B7-8637-AB3887E6C850}.Release|Any CPU.Build.0 = Release|Any CPU
		{ECB0BF8B-6AF5-48FE-98A9-0A6EAB2033BD}.Debug|Any CPU.ActiveCfg = Debug|Any CPU
		{ECB0BF8B-6AF5-48FE-98A9-0A6EAB2033BD}.Debug|Any CPU.Build.0 = Debug|Any CPU
		{ECB0BF8B-6AF5-48FE-98A9-0A6EAB2033BD}.Release|Any CPU.ActiveCfg = Release|Any CPU
		{ECB0BF8B-6AF5-48FE-98A9-0A6EAB2033BD}.Release|Any CPU.Build.0 = Release|Any CPU
		{0BA54CC3-A923-43E6-8966-8E664CE3133E}.Debug|Any CPU.ActiveCfg = Debug|Any CPU
		{0BA54CC3-A923-43E6-8966-8E664CE3133E}.Debug|Any CPU.Build.0 = Debug|Any CPU
		{0BA54CC3-A923-43E6-8966-8E664CE3133E}.Release|Any CPU.ActiveCfg = Release|Any CPU
		{0BA54CC3-A923-43E6-8966-8E664CE3133E}.Release|Any CPU.Build.0 = Release|Any CPU
		{DB85CDA9-91DF-4ABF-8D6C-F97102791011}.Debug|Any CPU.ActiveCfg = Debug|Any CPU
		{DB85CDA9-91DF-4ABF-8D6C-F97102791011}.Debug|Any CPU.Build.0 = Debug|Any CPU
		{DB85CDA9-91DF-4ABF-8D6C-F97102791011}.Release|Any CPU.ActiveCfg = Release|Any CPU
		{DB85CDA9-91DF-4ABF-8D6C-F97102791011}.Release|Any CPU.Build.0 = Release|Any CPU
		{FE2DBDE9-3CFD-4BD4-B167-0996B1BB2DDE}.Debug|Any CPU.ActiveCfg = Debug|Any CPU
		{FE2DBDE9-3CFD-4BD4-B167-0996B1BB2DDE}.Debug|Any CPU.Build.0 = Debug|Any CPU
		{FE2DBDE9-3CFD-4BD4-B167-0996B1BB2DDE}.Release|Any CPU.ActiveCfg = Release|Any CPU
		{FE2DBDE9-3CFD-4BD4-B167-0996B1BB2DDE}.Release|Any CPU.Build.0 = Release|Any CPU
		{00DBE900-FA6C-4A40-8112-F4C8F64B34F2}.Debug|Any CPU.ActiveCfg = Debug|Any CPU
		{00DBE900-FA6C-4A40-8112-F4C8F64B34F2}.Debug|Any CPU.Build.0 = Debug|Any CPU
		{00DBE900-FA6C-4A40-8112-F4C8F64B34F2}.Release|Any CPU.ActiveCfg = Release|Any CPU
		{00DBE900-FA6C-4A40-8112-F4C8F64B34F2}.Release|Any CPU.Build.0 = Release|Any CPU
		{E80016BE-ACC4-4D39-8743-182B3C12E143}.Debug|Any CPU.ActiveCfg = Debug|Any CPU
		{E80016BE-ACC4-4D39-8743-182B3C12E143}.Debug|Any CPU.Build.0 = Debug|Any CPU
		{E80016BE-ACC4-4D39-8743-182B3C12E143}.Release|Any CPU.ActiveCfg = Release|Any CPU
		{E80016BE-ACC4-4D39-8743-182B3C12E143}.Release|Any CPU.Build.0 = Release|Any CPU
		{7E1CA24A-D981-44DD-B020-18C36D70B4EF}.Debug|Any CPU.ActiveCfg = Debug|Any CPU
		{7E1CA24A-D981-44DD-B020-18C36D70B4EF}.Debug|Any CPU.Build.0 = Debug|Any CPU
		{7E1CA24A-D981-44DD-B020-18C36D70B4EF}.Release|Any CPU.ActiveCfg = Release|Any CPU
		{7E1CA24A-D981-44DD-B020-18C36D70B4EF}.Release|Any CPU.Build.0 = Release|Any CPU
		{998CAC07-3108-4DAE-8319-AF2EAD9FF4A9}.Debug|Any CPU.ActiveCfg = Debug|Any CPU
		{998CAC07-3108-4DAE-8319-AF2EAD9FF4A9}.Debug|Any CPU.Build.0 = Debug|Any CPU
		{998CAC07-3108-4DAE-8319-AF2EAD9FF4A9}.Release|Any CPU.ActiveCfg = Release|Any CPU
		{998CAC07-3108-4DAE-8319-AF2EAD9FF4A9}.Release|Any CPU.Build.0 = Release|Any CPU
	EndGlobalSection
	GlobalSection(SolutionProperties) = preSolution
		HideSolutionNode = FALSE
	EndGlobalSection
	GlobalSection(NestedProjects) = preSolution
		{1827F23B-B981-42E4-9FD5-5E8A359222A2} = {74C9134B-DC5F-4AE9-B906-0D597B3AB51D}
		{385DDB4E-CF72-49B7-8637-AB3887E6C850} = {1B74EF0C-4E61-4A9F-BCD3-79A30A43159C}
		{ECB0BF8B-6AF5-48FE-98A9-0A6EAB2033BD} = {B223BF92-7F55-483B-9D31-DEB1AF9C3F03}
		{0BA54CC3-A923-43E6-8966-8E664CE3133E} = {B223BF92-7F55-483B-9D31-DEB1AF9C3F03}
		{DB85CDA9-91DF-4ABF-8D6C-F97102791011} = {B223BF92-7F55-483B-9D31-DEB1AF9C3F03}
		{FE2DBDE9-3CFD-4BD4-B167-0996B1BB2DDE} = {B223BF92-7F55-483B-9D31-DEB1AF9C3F03}
		{00DBE900-FA6C-4A40-8112-F4C8F64B34F2} = {FBDC134A-A2C7-4F4C-921A-417F9837CFBC}
		{E80016BE-ACC4-4D39-8743-182B3C12E143} = {FBDC134A-A2C7-4F4C-921A-417F9837CFBC}
		{7E1CA24A-D981-44DD-B020-18C36D70B4EF} = {FBDC134A-A2C7-4F4C-921A-417F9837CFBC}
		{998CAC07-3108-4DAE-8319-AF2EAD9FF4A9} = {FBDC134A-A2C7-4F4C-921A-417F9837CFBC}
	EndGlobalSection
	GlobalSection(ExtensibilityGlobals) = postSolution
		SolutionGuid = {B8D11A64-44D2-481C-8675-B10771C2D835}
	EndGlobalSection
EndGlobal
